
Microsoft Visual Studio Solution File, Format Version 12.00
# Visual Studio Version 17
VisualStudioVersion = 17.5.002.0
MinimumVisualStudioVersion = 10.0.40219.1
Project("{9A19103F-16F7-4668-BE54-9A1E7A4F7556}") = "SysCredit", "SysCredit.csproj", "{969F70F5-5446-4C98-96E6-1BD4DAC7BA0A}"
EndProject
Global
	GlobalSection(SolutionConfigurationPlatforms) = preSolution
		Debug|Any CPU = Debug|Any CPU
		Release|Any CPU = Release|Any CPU
	EndGlobalSection
	GlobalSection(ProjectConfigurationPlatforms) = postSolution
		{969F70F5-5446-4C98-96E6-1BD4DAC7BA0A}.Debug|Any CPU.ActiveCfg = Debug|Any CPU
		{969F70F5-5446-4C98-96E6-1BD4DAC7BA0A}.Debug|Any CPU.Build.0 = Debug|Any CPU
		{969F70F5-5446-4C98-96E6-1BD4DAC7BA0A}.Release|Any CPU.ActiveCfg = Release|Any CPU
		{969F70F5-5446-4C98-96E6-1BD4DAC7BA0A}.Release|Any CPU.Build.0 = Release|Any CPU
	EndGlobalSection
	GlobalSection(SolutionProperties) = preSolution
		HideSolutionNode = FALSE
	EndGlobalSection
	GlobalSection(ExtensibilityGlobals) = postSolution
		SolutionGuid = {A6133AAE-0435-426F-B27F-F1D7A8C089BC}
	EndGlobalSection
EndGlobal
