
Microsoft Visual Studio Solution File, Format Version 12.00
# Visual Studio Version 17
VisualStudioVersion = 17.6.33815.320
MinimumVisualStudioVersion = 10.0.40219.1
Project("{9A19103F-16F7-4668-BE54-9A1E7A4F7556}") = "SysCredit", "SysCredit\SysCredit.csproj", "{AD7BE4D7-9031-47AD-815D-AFB3A6638FBB}"
EndProject
Project("{00D1A9C2-B5F0-4AF3-8072-F6C62B433612}") = "SysCredit.SQLServer", "SysCredit.SQLServer\SysCredit.SQLServer.sqlproj", "{29827353-B2CA-4DC9-9BAE-A4D361DEA904}"
EndProject
Project("{2150E333-8FDC-42A3-9474-1A3956D46DE8}") = "Solution Folder", "Solution Folder", "{F90D6369-4540-4EC2-AB24-CD44344B3820}"
	ProjectSection(SolutionItems) = preProject
		Directory.Build.props = Directory.Build.props
	EndProjectSection
EndProject
Project("{2150E333-8FDC-42A3-9474-1A3956D46DE8}") = "Third", "Third", "{7FAC1C2E-89C1-4282-84EE-96D484363C3E}"
EndProject
Project("{9A19103F-16F7-4668-BE54-9A1E7A4F7556}") = "Maui.FreakyControls", "Third\FreakyControls\MAUI.FreakyControls\MAUI.FreakyControls\Maui.FreakyControls.csproj", "{91530A4E-971A-4F36-AF90-7266E5A96066}"
EndProject
Global
	GlobalSection(SolutionConfigurationPlatforms) = preSolution
		Debug|Any CPU = Debug|Any CPU
		Release|Any CPU = Release|Any CPU
	EndGlobalSection
	GlobalSection(ProjectConfigurationPlatforms) = postSolution
		{AD7BE4D7-9031-47AD-815D-AFB3A6638FBB}.Debug|Any CPU.ActiveCfg = Debug|Any CPU
		{AD7BE4D7-9031-47AD-815D-AFB3A6638FBB}.Debug|Any CPU.Build.0 = Debug|Any CPU
		{AD7BE4D7-9031-47AD-815D-AFB3A6638FBB}.Debug|Any CPU.Deploy.0 = Debug|Any CPU
		{AD7BE4D7-9031-47AD-815D-AFB3A6638FBB}.Release|Any CPU.ActiveCfg = Release|Any CPU
		{AD7BE4D7-9031-47AD-815D-AFB3A6638FBB}.Release|Any CPU.Build.0 = Release|Any CPU
		{AD7BE4D7-9031-47AD-815D-AFB3A6638FBB}.Release|Any CPU.Deploy.0 = Release|Any CPU
		{29827353-B2CA-4DC9-9BAE-A4D361DEA904}.Debug|Any CPU.ActiveCfg = Debug|Any CPU
		{29827353-B2CA-4DC9-9BAE-A4D361DEA904}.Debug|Any CPU.Build.0 = Debug|Any CPU
		{29827353-B2CA-4DC9-9BAE-A4D361DEA904}.Debug|Any CPU.Deploy.0 = Debug|Any CPU
		{29827353-B2CA-4DC9-9BAE-A4D361DEA904}.Release|Any CPU.ActiveCfg = Release|Any CPU
		{29827353-B2CA-4DC9-9BAE-A4D361DEA904}.Release|Any CPU.Build.0 = Release|Any CPU
		{29827353-B2CA-4DC9-9BAE-A4D361DEA904}.Release|Any CPU.Deploy.0 = Release|Any CPU
		{91530A4E-971A-4F36-AF90-7266E5A96066}.Debug|Any CPU.ActiveCfg = Debug|Any CPU
		{91530A4E-971A-4F36-AF90-7266E5A96066}.Debug|Any CPU.Build.0 = Debug|Any CPU
		{91530A4E-971A-4F36-AF90-7266E5A96066}.Release|Any CPU.ActiveCfg = Release|Any CPU
		{91530A4E-971A-4F36-AF90-7266E5A96066}.Release|Any CPU.Build.0 = Release|Any CPU
	EndGlobalSection
	GlobalSection(SolutionProperties) = preSolution
		HideSolutionNode = FALSE
	EndGlobalSection
	GlobalSection(NestedProjects) = preSolution
		{91530A4E-971A-4F36-AF90-7266E5A96066} = {7FAC1C2E-89C1-4282-84EE-96D484363C3E}
	EndGlobalSection
	GlobalSection(ExtensibilityGlobals) = postSolution
		SolutionGuid = {90F103D8-1D89-44BD-BC09-99C91339D906}
	EndGlobalSection
EndGlobal
