
Microsoft Visual Studio Solution File, Format Version 12.00
# Visual Studio Version 17
VisualStudioVersion = 17.6.33815.320
MinimumVisualStudioVersion = 10.0.40219.1
Project("{9A19103F-16F7-4668-BE54-9A1E7A4F7556}") = "SysCredit", "SysCredit\SysCredit.csproj", "{AD7BE4D7-9031-47AD-815D-AFB3A6638FBB}"
EndProject
Project("{00D1A9C2-B5F0-4AF3-8072-F6C62B433612}") = "SysCredit.SQLServer", "SysCredit.SQLServer\SysCredit.SQLServer.sqlproj", "{29827353-B2CA-4DC9-9BAE-A4D361DEA904}"
EndProject
Project("{2150E333-8FDC-42A3-9474-1A3956D46DE8}") = "Solution Folder", "Solution Folder", "{F90D6369-4540-4EC2-AB24-CD44344B3820}"
	ProjectSection(SolutionItems) = preProject
		.gitignore = .gitignore
		.gitmodules = .gitmodules
		Directory.Build.props = Directory.Build.props
		LICENSE = LICENSE
		README.md = README.md
	EndProjectSection
EndProject
Project("{9A19103F-16F7-4668-BE54-9A1E7A4F7556}") = "SysCredit.Api", "SysCredit.Api\SysCredit.Api.csproj", "{DBED9805-9406-4241-83BD-ED6D44A2C449}"
EndProject
Project("{9A19103F-16F7-4668-BE54-9A1E7A4F7556}") = "SysCredit.Helpers", "SysCredit.Helpers\SysCredit.Helpers.csproj", "{05EF225E-946A-403F-8D49-837346F6ED92}"
EndProject
Project("{9A19103F-16F7-4668-BE54-9A1E7A4F7556}") = "SysCredit.DataTransferObject", "SysCredit.DataTransferObject\SysCredit.DataTransferObject.csproj", "{E98FDE4B-25F8-41DA-A193-CC5F45117AE3}"
EndProject
Project("{9A19103F-16F7-4668-BE54-9A1E7A4F7556}") = "SysCredit.Models", "SysCredit.Models\SysCredit.Models.csproj", "{FCE137EE-F586-4093-A646-A7537041BEF2}"
EndProject
Project("{9A19103F-16F7-4668-BE54-9A1E7A4F7556}") = "SysCredit.Api.Tests", "SysCredit.Api.Tests\SysCredit.Api.Tests.csproj", "{2C4749DF-A79A-49F0-AABE-97C474116405}"
EndProject
Project("{2150E333-8FDC-42A3-9474-1A3956D46DE8}") = "Tests", "Tests", "{34A61799-ADB1-4B37-B046-7CAE7EA7B9FA}"
EndProject
Project("{2150E333-8FDC-42A3-9474-1A3956D46DE8}") = "Databases", "Databases", "{6B2D9764-E73B-4BB9-8388-1286D80E6314}"
EndProject
Project("{2150E333-8FDC-42A3-9474-1A3956D46DE8}") = "Applications", "Applications", "{164D13BC-D42A-4F90-8CE3-C0F636BA12FA}"
EndProject
Project("{2150E333-8FDC-42A3-9474-1A3956D46DE8}") = "Libraries", "Libraries", "{4111A12D-F679-46AE-ADCE-A3F6D9581972}"
EndProject
Project("{8BC9CEB8-8B4A-11D0-8D11-00A0C91BC942}") = "SysCredit.PostgreSQL", "SysCredit.PostgreSQL\SysCredit.PostgreSQL.vcxproj", "{55708639-0D29-4174-A1AA-5DF6E70D8348}"
EndProject
Project("{2150E333-8FDC-42A3-9474-1A3956D46DE8}") = "Generators", "Generators", "{A1A12337-FBF4-493A-B1D2-164EEC6D152C}"
EndProject
Project("{FAE04EC0-301F-11D3-BF4B-00C04F79EFBC}") = "SysCredit.Api.Generators", "SysCredit.Api.Generators\SysCredit.Api.Generators.csproj", "{F9241818-ACE0-49A7-8C2A-67A72717983A}"
EndProject
Global
	GlobalSection(SolutionConfigurationPlatforms) = preSolution
		Debug|Any CPU = Debug|Any CPU
		Debug|x64 = Debug|x64
		Debug|x86 = Debug|x86
		Release|Any CPU = Release|Any CPU
		Release|x64 = Release|x64
		Release|x86 = Release|x86
	EndGlobalSection
	GlobalSection(ProjectConfigurationPlatforms) = postSolution
		{AD7BE4D7-9031-47AD-815D-AFB3A6638FBB}.Debug|Any CPU.ActiveCfg = Debug|Any CPU
		{AD7BE4D7-9031-47AD-815D-AFB3A6638FBB}.Debug|Any CPU.Build.0 = Debug|Any CPU
		{AD7BE4D7-9031-47AD-815D-AFB3A6638FBB}.Debug|Any CPU.Deploy.0 = Debug|Any CPU
		{AD7BE4D7-9031-47AD-815D-AFB3A6638FBB}.Debug|x64.ActiveCfg = Debug|Any CPU
		{AD7BE4D7-9031-47AD-815D-AFB3A6638FBB}.Debug|x64.Build.0 = Debug|Any CPU
		{AD7BE4D7-9031-47AD-815D-AFB3A6638FBB}.Debug|x64.Deploy.0 = Debug|Any CPU
		{AD7BE4D7-9031-47AD-815D-AFB3A6638FBB}.Debug|x86.ActiveCfg = Debug|Any CPU
		{AD7BE4D7-9031-47AD-815D-AFB3A6638FBB}.Debug|x86.Build.0 = Debug|Any CPU
		{AD7BE4D7-9031-47AD-815D-AFB3A6638FBB}.Debug|x86.Deploy.0 = Debug|Any CPU
		{AD7BE4D7-9031-47AD-815D-AFB3A6638FBB}.Release|Any CPU.ActiveCfg = Release|Any CPU
		{AD7BE4D7-9031-47AD-815D-AFB3A6638FBB}.Release|Any CPU.Build.0 = Release|Any CPU
		{AD7BE4D7-9031-47AD-815D-AFB3A6638FBB}.Release|Any CPU.Deploy.0 = Release|Any CPU
		{AD7BE4D7-9031-47AD-815D-AFB3A6638FBB}.Release|x64.ActiveCfg = Release|Any CPU
		{AD7BE4D7-9031-47AD-815D-AFB3A6638FBB}.Release|x64.Build.0 = Release|Any CPU
		{AD7BE4D7-9031-47AD-815D-AFB3A6638FBB}.Release|x64.Deploy.0 = Release|Any CPU
		{AD7BE4D7-9031-47AD-815D-AFB3A6638FBB}.Release|x86.ActiveCfg = Release|Any CPU
		{AD7BE4D7-9031-47AD-815D-AFB3A6638FBB}.Release|x86.Build.0 = Release|Any CPU
		{AD7BE4D7-9031-47AD-815D-AFB3A6638FBB}.Release|x86.Deploy.0 = Release|Any CPU
		{29827353-B2CA-4DC9-9BAE-A4D361DEA904}.Debug|Any CPU.ActiveCfg = Debug|Any CPU
		{29827353-B2CA-4DC9-9BAE-A4D361DEA904}.Debug|Any CPU.Build.0 = Debug|Any CPU
		{29827353-B2CA-4DC9-9BAE-A4D361DEA904}.Debug|Any CPU.Deploy.0 = Debug|Any CPU
		{29827353-B2CA-4DC9-9BAE-A4D361DEA904}.Debug|x64.ActiveCfg = Debug|Any CPU
		{29827353-B2CA-4DC9-9BAE-A4D361DEA904}.Debug|x64.Build.0 = Debug|Any CPU
		{29827353-B2CA-4DC9-9BAE-A4D361DEA904}.Debug|x64.Deploy.0 = Debug|Any CPU
		{29827353-B2CA-4DC9-9BAE-A4D361DEA904}.Debug|x86.ActiveCfg = Debug|Any CPU
		{29827353-B2CA-4DC9-9BAE-A4D361DEA904}.Debug|x86.Build.0 = Debug|Any CPU
		{29827353-B2CA-4DC9-9BAE-A4D361DEA904}.Debug|x86.Deploy.0 = Debug|Any CPU
		{29827353-B2CA-4DC9-9BAE-A4D361DEA904}.Release|Any CPU.ActiveCfg = Release|Any CPU
		{29827353-B2CA-4DC9-9BAE-A4D361DEA904}.Release|Any CPU.Build.0 = Release|Any CPU
		{29827353-B2CA-4DC9-9BAE-A4D361DEA904}.Release|Any CPU.Deploy.0 = Release|Any CPU
		{29827353-B2CA-4DC9-9BAE-A4D361DEA904}.Release|x64.ActiveCfg = Release|Any CPU
		{29827353-B2CA-4DC9-9BAE-A4D361DEA904}.Release|x64.Build.0 = Release|Any CPU
		{29827353-B2CA-4DC9-9BAE-A4D361DEA904}.Release|x64.Deploy.0 = Release|Any CPU
		{29827353-B2CA-4DC9-9BAE-A4D361DEA904}.Release|x86.ActiveCfg = Release|Any CPU
		{29827353-B2CA-4DC9-9BAE-A4D361DEA904}.Release|x86.Build.0 = Release|Any CPU
		{29827353-B2CA-4DC9-9BAE-A4D361DEA904}.Release|x86.Deploy.0 = Release|Any CPU
		{DBED9805-9406-4241-83BD-ED6D44A2C449}.Debug|Any CPU.ActiveCfg = Debug|Any CPU
		{DBED9805-9406-4241-83BD-ED6D44A2C449}.Debug|Any CPU.Build.0 = Debug|Any CPU
		{DBED9805-9406-4241-83BD-ED6D44A2C449}.Debug|x64.ActiveCfg = Debug|Any CPU
		{DBED9805-9406-4241-83BD-ED6D44A2C449}.Debug|x64.Build.0 = Debug|Any CPU
		{DBED9805-9406-4241-83BD-ED6D44A2C449}.Debug|x86.ActiveCfg = Debug|Any CPU
		{DBED9805-9406-4241-83BD-ED6D44A2C449}.Debug|x86.Build.0 = Debug|Any CPU
		{DBED9805-9406-4241-83BD-ED6D44A2C449}.Release|Any CPU.ActiveCfg = Release|Any CPU
		{DBED9805-9406-4241-83BD-ED6D44A2C449}.Release|Any CPU.Build.0 = Release|Any CPU
		{DBED9805-9406-4241-83BD-ED6D44A2C449}.Release|x64.ActiveCfg = Release|Any CPU
		{DBED9805-9406-4241-83BD-ED6D44A2C449}.Release|x64.Build.0 = Release|Any CPU
		{DBED9805-9406-4241-83BD-ED6D44A2C449}.Release|x86.ActiveCfg = Release|Any CPU
		{DBED9805-9406-4241-83BD-ED6D44A2C449}.Release|x86.Build.0 = Release|Any CPU
		{05EF225E-946A-403F-8D49-837346F6ED92}.Debug|Any CPU.ActiveCfg = Debug|Any CPU
		{05EF225E-946A-403F-8D49-837346F6ED92}.Debug|Any CPU.Build.0 = Debug|Any CPU
		{05EF225E-946A-403F-8D49-837346F6ED92}.Debug|x64.ActiveCfg = Debug|Any CPU
		{05EF225E-946A-403F-8D49-837346F6ED92}.Debug|x64.Build.0 = Debug|Any CPU
		{05EF225E-946A-403F-8D49-837346F6ED92}.Debug|x86.ActiveCfg = Debug|Any CPU
		{05EF225E-946A-403F-8D49-837346F6ED92}.Debug|x86.Build.0 = Debug|Any CPU
		{05EF225E-946A-403F-8D49-837346F6ED92}.Release|Any CPU.ActiveCfg = Release|Any CPU
		{05EF225E-946A-403F-8D49-837346F6ED92}.Release|Any CPU.Build.0 = Release|Any CPU
		{05EF225E-946A-403F-8D49-837346F6ED92}.Release|x64.ActiveCfg = Release|Any CPU
		{05EF225E-946A-403F-8D49-837346F6ED92}.Release|x64.Build.0 = Release|Any CPU
		{05EF225E-946A-403F-8D49-837346F6ED92}.Release|x86.ActiveCfg = Release|Any CPU
		{05EF225E-946A-403F-8D49-837346F6ED92}.Release|x86.Build.0 = Release|Any CPU
		{E98FDE4B-25F8-41DA-A193-CC5F45117AE3}.Debug|Any CPU.ActiveCfg = Debug|Any CPU
		{E98FDE4B-25F8-41DA-A193-CC5F45117AE3}.Debug|Any CPU.Build.0 = Debug|Any CPU
		{E98FDE4B-25F8-41DA-A193-CC5F45117AE3}.Debug|x64.ActiveCfg = Debug|Any CPU
		{E98FDE4B-25F8-41DA-A193-CC5F45117AE3}.Debug|x64.Build.0 = Debug|Any CPU
		{E98FDE4B-25F8-41DA-A193-CC5F45117AE3}.Debug|x86.ActiveCfg = Debug|Any CPU
		{E98FDE4B-25F8-41DA-A193-CC5F45117AE3}.Debug|x86.Build.0 = Debug|Any CPU
		{E98FDE4B-25F8-41DA-A193-CC5F45117AE3}.Release|Any CPU.ActiveCfg = Release|Any CPU
		{E98FDE4B-25F8-41DA-A193-CC5F45117AE3}.Release|Any CPU.Build.0 = Release|Any CPU
		{E98FDE4B-25F8-41DA-A193-CC5F45117AE3}.Release|x64.ActiveCfg = Release|Any CPU
		{E98FDE4B-25F8-41DA-A193-CC5F45117AE3}.Release|x64.Build.0 = Release|Any CPU
		{E98FDE4B-25F8-41DA-A193-CC5F45117AE3}.Release|x86.ActiveCfg = Release|Any CPU
		{E98FDE4B-25F8-41DA-A193-CC5F45117AE3}.Release|x86.Build.0 = Release|Any CPU
		{FCE137EE-F586-4093-A646-A7537041BEF2}.Debug|Any CPU.ActiveCfg = Debug|Any CPU
		{FCE137EE-F586-4093-A646-A7537041BEF2}.Debug|Any CPU.Build.0 = Debug|Any CPU
		{FCE137EE-F586-4093-A646-A7537041BEF2}.Debug|x64.ActiveCfg = Debug|Any CPU
		{FCE137EE-F586-4093-A646-A7537041BEF2}.Debug|x64.Build.0 = Debug|Any CPU
		{FCE137EE-F586-4093-A646-A7537041BEF2}.Debug|x86.ActiveCfg = Debug|Any CPU
		{FCE137EE-F586-4093-A646-A7537041BEF2}.Debug|x86.Build.0 = Debug|Any CPU
		{FCE137EE-F586-4093-A646-A7537041BEF2}.Release|Any CPU.ActiveCfg = Release|Any CPU
		{FCE137EE-F586-4093-A646-A7537041BEF2}.Release|Any CPU.Build.0 = Release|Any CPU
		{FCE137EE-F586-4093-A646-A7537041BEF2}.Release|x64.ActiveCfg = Release|Any CPU
		{FCE137EE-F586-4093-A646-A7537041BEF2}.Release|x64.Build.0 = Release|Any CPU
		{FCE137EE-F586-4093-A646-A7537041BEF2}.Release|x86.ActiveCfg = Release|Any CPU
		{FCE137EE-F586-4093-A646-A7537041BEF2}.Release|x86.Build.0 = Release|Any CPU
		{2C4749DF-A79A-49F0-AABE-97C474116405}.Debug|Any CPU.ActiveCfg = Debug|Any CPU
		{2C4749DF-A79A-49F0-AABE-97C474116405}.Debug|Any CPU.Build.0 = Debug|Any CPU
		{2C4749DF-A79A-49F0-AABE-97C474116405}.Debug|x64.ActiveCfg = Debug|Any CPU
		{2C4749DF-A79A-49F0-AABE-97C474116405}.Debug|x64.Build.0 = Debug|Any CPU
		{2C4749DF-A79A-49F0-AABE-97C474116405}.Debug|x86.ActiveCfg = Debug|Any CPU
		{2C4749DF-A79A-49F0-AABE-97C474116405}.Debug|x86.Build.0 = Debug|Any CPU
		{2C4749DF-A79A-49F0-AABE-97C474116405}.Release|Any CPU.ActiveCfg = Release|Any CPU
		{2C4749DF-A79A-49F0-AABE-97C474116405}.Release|Any CPU.Build.0 = Release|Any CPU
		{2C4749DF-A79A-49F0-AABE-97C474116405}.Release|x64.ActiveCfg = Release|Any CPU
		{2C4749DF-A79A-49F0-AABE-97C474116405}.Release|x64.Build.0 = Release|Any CPU
		{2C4749DF-A79A-49F0-AABE-97C474116405}.Release|x86.ActiveCfg = Release|Any CPU
		{2C4749DF-A79A-49F0-AABE-97C474116405}.Release|x86.Build.0 = Release|Any CPU
		{55708639-0D29-4174-A1AA-5DF6E70D8348}.Debug|Any CPU.ActiveCfg = Debug|x64
		{55708639-0D29-4174-A1AA-5DF6E70D8348}.Debug|Any CPU.Build.0 = Debug|x64
		{55708639-0D29-4174-A1AA-5DF6E70D8348}.Debug|x64.ActiveCfg = Debug|x64
		{55708639-0D29-4174-A1AA-5DF6E70D8348}.Debug|x64.Build.0 = Debug|x64
		{55708639-0D29-4174-A1AA-5DF6E70D8348}.Debug|x86.ActiveCfg = Debug|Win32
		{55708639-0D29-4174-A1AA-5DF6E70D8348}.Debug|x86.Build.0 = Debug|Win32
		{55708639-0D29-4174-A1AA-5DF6E70D8348}.Release|Any CPU.ActiveCfg = Release|x64
		{55708639-0D29-4174-A1AA-5DF6E70D8348}.Release|Any CPU.Build.0 = Release|x64
		{55708639-0D29-4174-A1AA-5DF6E70D8348}.Release|x64.ActiveCfg = Release|x64
		{55708639-0D29-4174-A1AA-5DF6E70D8348}.Release|x64.Build.0 = Release|x64
		{55708639-0D29-4174-A1AA-5DF6E70D8348}.Release|x86.ActiveCfg = Release|Win32
		{55708639-0D29-4174-A1AA-5DF6E70D8348}.Release|x86.Build.0 = Release|Win32
		{F9241818-ACE0-49A7-8C2A-67A72717983A}.Debug|Any CPU.ActiveCfg = Debug|Any CPU
		{F9241818-ACE0-49A7-8C2A-67A72717983A}.Debug|Any CPU.Build.0 = Debug|Any CPU
		{F9241818-ACE0-49A7-8C2A-67A72717983A}.Debug|x64.ActiveCfg = Debug|Any CPU
		{F9241818-ACE0-49A7-8C2A-67A72717983A}.Debug|x64.Build.0 = Debug|Any CPU
		{F9241818-ACE0-49A7-8C2A-67A72717983A}.Debug|x86.ActiveCfg = Debug|Any CPU
		{F9241818-ACE0-49A7-8C2A-67A72717983A}.Debug|x86.Build.0 = Debug|Any CPU
		{F9241818-ACE0-49A7-8C2A-67A72717983A}.Release|Any CPU.ActiveCfg = Release|Any CPU
		{F9241818-ACE0-49A7-8C2A-67A72717983A}.Release|Any CPU.Build.0 = Release|Any CPU
		{F9241818-ACE0-49A7-8C2A-67A72717983A}.Release|x64.ActiveCfg = Release|Any CPU
		{F9241818-ACE0-49A7-8C2A-67A72717983A}.Release|x64.Build.0 = Release|Any CPU
		{F9241818-ACE0-49A7-8C2A-67A72717983A}.Release|x86.ActiveCfg = Release|Any CPU
		{F9241818-ACE0-49A7-8C2A-67A72717983A}.Release|x86.Build.0 = Release|Any CPU
	EndGlobalSection
	GlobalSection(SolutionProperties) = preSolution
		HideSolutionNode = FALSE
	EndGlobalSection
	GlobalSection(NestedProjects) = preSolution
		{AD7BE4D7-9031-47AD-815D-AFB3A6638FBB} = {164D13BC-D42A-4F90-8CE3-C0F636BA12FA}
		{29827353-B2CA-4DC9-9BAE-A4D361DEA904} = {6B2D9764-E73B-4BB9-8388-1286D80E6314}
		{DBED9805-9406-4241-83BD-ED6D44A2C449} = {164D13BC-D42A-4F90-8CE3-C0F636BA12FA}
		{05EF225E-946A-403F-8D49-837346F6ED92} = {4111A12D-F679-46AE-ADCE-A3F6D9581972}
		{E98FDE4B-25F8-41DA-A193-CC5F45117AE3} = {4111A12D-F679-46AE-ADCE-A3F6D9581972}
		{FCE137EE-F586-4093-A646-A7537041BEF2} = {4111A12D-F679-46AE-ADCE-A3F6D9581972}
		{2C4749DF-A79A-49F0-AABE-97C474116405} = {34A61799-ADB1-4B37-B046-7CAE7EA7B9FA}
		{55708639-0D29-4174-A1AA-5DF6E70D8348} = {6B2D9764-E73B-4BB9-8388-1286D80E6314}
		{F9241818-ACE0-49A7-8C2A-67A72717983A} = {A1A12337-FBF4-493A-B1D2-164EEC6D152C}
	EndGlobalSection
	GlobalSection(ExtensibilityGlobals) = postSolution
		SolutionGuid = {90F103D8-1D89-44BD-BC09-99C91339D906}
	EndGlobalSection
EndGlobal
