<?xml version="1.0" encoding="utf-8"?>
<Project ToolsVersion="4.0" xmlns="http://schemas.microsoft.com/developer/msbuild/2003">
  <ItemGroup>
    <Filter Include="Source Files">
      <UniqueIdentifier>{4FC737F1-C7A5-4376-A066-2A32D752A2FF}</UniqueIdentifier>
      <Extensions>cpp;c;cc;cxx;c++;cppm;ixx;def;odl;idl;hpj;bat;asm;asmx</Extensions>
    </Filter>
    <Filter Include="Header Files">
      <UniqueIdentifier>{93995380-89BD-4b04-88EB-625FBE52EBFB}</UniqueIdentifier>
      <Extensions>h;hh;hpp;hxx;h++;hm;inl;inc;ipp;xsd</Extensions>
    </Filter>
    <Filter Include="Resource Files">
      <UniqueIdentifier>{67DA6AB6-F800-4c08-8B7A-83BB121AAD01}</UniqueIdentifier>
      <Extensions>rc;ico;cur;bmp;dlg;rc2;rct;bin;rgs;gif;jpg;jpeg;jpe;resx;tiff;tif;png;wav;mfcribbon-ms</Extensions>
    </Filter>
    <Filter Include="Tables">
      <UniqueIdentifier>{6f1272c2-9e05-4d8d-b9d1-52e5b3f8a071}</UniqueIdentifier>
    </Filter>
    <Filter Include="PostDeployments">
      <UniqueIdentifier>{3e1a7658-a1d3-4c59-a496-0ac3b2f56433}</UniqueIdentifier>
    </Filter>
  </ItemGroup>
  <ItemGroup>
    <ClCompile Include="SysCredit.PostgreSQL.cpp">
      <Filter>Source Files</Filter>
    </ClCompile>
    <ClCompile Include="Tables\UserClaim.sql">
      <Filter>Source Files</Filter>
    </ClCompile>
  </ItemGroup>
  <ItemGroup>
    <None Include="Tables\Customer.sql">
      <Filter>Tables</Filter>
    </None>
    <None Include="Tables\Guarantor.sql">
      <Filter>Tables</Filter>
    </None>
    <None Include="Tables\Relationship.sql">
      <Filter>Tables</Filter>
    </None>
    <None Include="Tables\Reference.sql">
      <Filter>Tables</Filter>
    </None>
    <None Include="Tables\Role.sql">
      <Filter>Tables</Filter>
    </None>
    <None Include="Tables\RoleClaim.sql">
      <Filter>Tables</Filter>
    </None>
    <None Include="Tables\PaymentFrequency.sql">
      <Filter>Tables</Filter>
    </None>
    <None Include="Tables\LoanType.sql">
      <Filter>Tables</Filter>
    </None>
    <None Include="Tables\Loan.sql">
      <Filter>Tables</Filter>
    </None>
    <None Include="Tables\CustomerGuarantor.sql">
      <Filter>Tables</Filter>
    </None>
    <None Include="Tables\CustomerReference.sql">
      <Filter>Tables</Filter>
    </None>
    <None Include="Tables\User.sql">
      <Filter>Tables</Filter>
    </None>
    <None Include="Tables\PaymentPlan.sql">
      <Filter>Tables</Filter>
    </None>
    <None Include="Tables\PaymentPlanDetails.sql">
      <Filter>Tables</Filter>
    </None>
    <None Include="Tables\UserRole.sql">
      <Filter>Tables</Filter>
    </None>
    <None Include="PostDeployments\LoanType.Seed.sql" />
  </ItemGroup>
</Project>