<?xml version="1.0" encoding="utf-8"?>
<Project ToolsVersion="4.0" xmlns="http://schemas.microsoft.com/developer/msbuild/2003">
  <ItemGroup>
    <Filter Include="Source Files">
      <UniqueIdentifier>{4FC737F1-C7A5-4376-A066-2A32D752A2FF}</UniqueIdentifier>
      <Extensions>cpp;c;cc;cxx;c++;cppm;ixx;def;odl;idl;hpj;bat;asm;asmx</Extensions>
    </Filter>
    <Filter Include="Header Files">
      <UniqueIdentifier>{93995380-89BD-4b04-88EB-625FBE52EBFB}</UniqueIdentifier>
      <Extensions>h;hh;hpp;hxx;h++;hm;inl;inc;ipp;xsd</Extensions>
    </Filter>
    <Filter Include="Resource Files">
      <UniqueIdentifier>{67DA6AB6-F800-4c08-8B7A-83BB121AAD01}</UniqueIdentifier>
      <Extensions>rc;ico;cur;bmp;dlg;rc2;rct;bin;rgs;gif;jpg;jpeg;jpe;resx;tiff;tif;png;wav;mfcribbon-ms</Extensions>
    </Filter>
    <Filter Include="Tables">
      <UniqueIdentifier>{3ac7a3cf-9660-4d41-91a8-e97d6ebcd9c6}</UniqueIdentifier>
    </Filter>
    <Filter Include="StoredProcedures">
      <UniqueIdentifier>{af493300-d854-4255-8eeb-12da302a5550}</UniqueIdentifier>
    </Filter>
    <Filter Include="StoredProcedures\Catalogs">
      <UniqueIdentifier>{ef3fe33b-90b2-4a46-bc86-915dd10f0097}</UniqueIdentifier>
    </Filter>
    <Filter Include="StoredProcedures\Catalogs\LoanTypes">
      <UniqueIdentifier>{3c0dc946-9c56-445b-8892-97bcbb073219}</UniqueIdentifier>
    </Filter>
    <Filter Include="StoredProcedures\Catalogs\PaymentFrequencies">
      <UniqueIdentifier>{cacde86f-0b7a-43c7-8a3c-ebfbf407202e}</UniqueIdentifier>
    </Filter>
  </ItemGroup>
  <ItemGroup>
    <ClCompile Include="SysCredit.MySQL.cpp">
      <Filter>Source Files</Filter>
    </ClCompile>
  </ItemGroup>
  <ItemGroup>
    <None Include="Tables\Customer.sql">
      <Filter>Tables</Filter>
    </None>
    <None Include="Tables\Guarantor.sql">
      <Filter>Tables</Filter>
    </None>
    <None Include="Tables\LoanType.sql">
      <Filter>Tables</Filter>
    </None>
    <None Include="Tables\PaymentFrequency.sql">
      <Filter>Tables</Filter>
    </None>
    <None Include="Tables\Reference.sql">
      <Filter>Tables</Filter>
    </None>
    <None Include="Tables\Relationship.sql">
      <Filter>Tables</Filter>
    </None>
    <None Include="Tables\User.sql">
      <Filter>Tables</Filter>
    </None>
    <None Include="Tables\Loan.sql">
      <Filter>Tables</Filter>
    </None>
    <None Include="Tables\CustomerGuarantor.sql">
      <Filter>Tables</Filter>
    </None>
    <None Include="Tables\CustomerReference.sql">
      <Filter>Tables</Filter>
    </None>
    <None Include="Tables\PaymentPlan.sql">
      <Filter>Tables</Filter>
    </None>
    <None Include="Tables\PaymentPlanDetails.sql">
      <Filter>Tables</Filter>
    </None>
    <None Include="StoredProcedures\Catalogs\LoanTypes\DeleteLoanType.sql">
      <Filter>StoredProcedures\Catalogs\LoanTypes</Filter>
    </None>
    <None Include="StoredProcedures\Catalogs\LoanTypes\FetchLoanType.sql">
      <Filter>StoredProcedures\Catalogs\LoanTypes</Filter>
    </None>
    <None Include="StoredProcedures\Catalogs\LoanTypes\FetchLoanTypeById.sql">
      <Filter>StoredProcedures\Catalogs\LoanTypes</Filter>
    </None>
    <None Include="StoredProcedures\Catalogs\LoanTypes\FetchLoanTypeByName.sql">
      <Filter>StoredProcedures\Catalogs\LoanTypes</Filter>
    </None>
    <None Include="StoredProcedures\Catalogs\LoanTypes\InsertLoanType.sql">
      <Filter>StoredProcedures\Catalogs\LoanTypes</Filter>
    </None>
    <None Include="StoredProcedures\Catalogs\LoanTypes\UpdateLoanType.sql">
      <Filter>StoredProcedures\Catalogs\LoanTypes</Filter>
    </None>
    <None Include="StoredProcedures\Catalogs\PaymentFrequencies\DeletePaymentFrequency.sql">
      <Filter>StoredProcedures\Catalogs\PaymentFrequencies</Filter>
    </None>
    <None Include="StoredProcedures\Catalogs\PaymentFrequencies\FetchPaymentFrequencyByName.sql">
      <Filter>StoredProcedures\Catalogs\PaymentFrequencies</Filter>
    </None>
    <None Include="StoredProcedures\Catalogs\PaymentFrequencies\FetchPaymentFrequency.sql">
      <Filter>StoredProcedures\Catalogs\PaymentFrequencies</Filter>
    </None>
    <None Include="StoredProcedures\Catalogs\PaymentFrequencies\FetchPaymentFrequencyById.sql">
      <Filter>StoredProcedures\Catalogs\PaymentFrequencies</Filter>
    </None>
    <None Include="StoredProcedures\Catalogs\PaymentFrequencies\InsertPaymentFrequency.sql">
      <Filter>StoredProcedures\Catalogs\PaymentFrequencies</Filter>
    </None>
    <None Include="StoredProcedures\Catalogs\PaymentFrequencies\UpdatePaymentFrequency.sql">
      <Filter>StoredProcedures\Catalogs\PaymentFrequencies</Filter>
    </None>
  </ItemGroup>
</Project>